
Microsoft Visual Studio Solution File, Format Version 12.00
# Visual Studio Version 16
VisualStudioVersion = 16.0.29926.136
MinimumVisualStudioVersion = 10.0.40219.1
Project("{FAE04EC0-301F-11D3-BF4B-00C04F79EFBC}") = "TestApp", "TestApp\TestApp.csproj", "{07028136-F7C3-4F1E-BCAB-8F21274A9983}"
EndProject
Project("{FAE04EC0-301F-11D3-BF4B-00C04F79EFBC}") = "IntoTheCodeUnitTest", "IntoTheCodeUnitTest\IntoTheCodeUnitTest.csproj", "{B1B49889-5104-447B-BAC9-16318AD89595}"
EndProject
Project("{9A19103F-16F7-4668-BE54-9A1E7A4F7556}") = "IntoTheCodeDoc", "IntoTheCodeDoc\IntoTheCodeDoc.csproj", "{D547D1ED-63ED-4060-B566-E1C4899E8822}"
EndProject
Project("{9A19103F-16F7-4668-BE54-9A1E7A4F7556}") = "IntoTheCodeExample", "IntoTheCodeExample\IntoTheCodeExample.csproj", "{46988254-4BDB-4AB0-BEF9-128E89FA4ED1}"
EndProject
Project("{9A19103F-16F7-4668-BE54-9A1E7A4F7556}") = "IntoTheCode", "IntoTheCode\IntoTheCode.csproj", "{A447DBA4-A164-4CEA-8385-0F1DDE5C046E}"
EndProject
Project("{9A19103F-16F7-4668-BE54-9A1E7A4F7556}") = "TestWebApp", "TestWebApp\TestWebApp.csproj", "{5618CE2C-1F99-46B0-A1E8-41F5E319D8CE}"
EndProject
Global
	GlobalSection(SolutionConfigurationPlatforms) = preSolution
		Debug|Any CPU = Debug|Any CPU
		Release|Any CPU = Release|Any CPU
	EndGlobalSection
	GlobalSection(ProjectConfigurationPlatforms) = postSolution
		{07028136-F7C3-4F1E-BCAB-8F21274A9983}.Debug|Any CPU.ActiveCfg = Debug|Any CPU
		{07028136-F7C3-4F1E-BCAB-8F21274A9983}.Debug|Any CPU.Build.0 = Debug|Any CPU
		{07028136-F7C3-4F1E-BCAB-8F21274A9983}.Release|Any CPU.ActiveCfg = Release|Any CPU
		{07028136-F7C3-4F1E-BCAB-8F21274A9983}.Release|Any CPU.Build.0 = Release|Any CPU
		{B1B49889-5104-447B-BAC9-16318AD89595}.Debug|Any CPU.ActiveCfg = Debug|Any CPU
		{B1B49889-5104-447B-BAC9-16318AD89595}.Debug|Any CPU.Build.0 = Debug|Any CPU
		{B1B49889-5104-447B-BAC9-16318AD89595}.Release|Any CPU.ActiveCfg = Release|Any CPU
		{B1B49889-5104-447B-BAC9-16318AD89595}.Release|Any CPU.Build.0 = Release|Any CPU
		{D547D1ED-63ED-4060-B566-E1C4899E8822}.Debug|Any CPU.ActiveCfg = Debug|Any CPU
		{D547D1ED-63ED-4060-B566-E1C4899E8822}.Release|Any CPU.ActiveCfg = Release|Any CPU
		{D547D1ED-63ED-4060-B566-E1C4899E8822}.Release|Any CPU.Build.0 = Release|Any CPU
		{46988254-4BDB-4AB0-BEF9-128E89FA4ED1}.Debug|Any CPU.ActiveCfg = Debug|Any CPU
		{46988254-4BDB-4AB0-BEF9-128E89FA4ED1}.Debug|Any CPU.Build.0 = Debug|Any CPU
		{46988254-4BDB-4AB0-BEF9-128E89FA4ED1}.Release|Any CPU.ActiveCfg = Release|Any CPU
		{46988254-4BDB-4AB0-BEF9-128E89FA4ED1}.Release|Any CPU.Build.0 = Release|Any CPU
		{A447DBA4-A164-4CEA-8385-0F1DDE5C046E}.Debug|Any CPU.ActiveCfg = Debug|Any CPU
		{A447DBA4-A164-4CEA-8385-0F1DDE5C046E}.Debug|Any CPU.Build.0 = Debug|Any CPU
		{A447DBA4-A164-4CEA-8385-0F1DDE5C046E}.Release|Any CPU.ActiveCfg = Release|Any CPU
		{A447DBA4-A164-4CEA-8385-0F1DDE5C046E}.Release|Any CPU.Build.0 = Release|Any CPU
		{5618CE2C-1F99-46B0-A1E8-41F5E319D8CE}.Debug|Any CPU.ActiveCfg = Debug|Any CPU
		{5618CE2C-1F99-46B0-A1E8-41F5E319D8CE}.Debug|Any CPU.Build.0 = Debug|Any CPU
		{5618CE2C-1F99-46B0-A1E8-41F5E319D8CE}.Release|Any CPU.ActiveCfg = Release|Any CPU
		{5618CE2C-1F99-46B0-A1E8-41F5E319D8CE}.Release|Any CPU.Build.0 = Release|Any CPU
	EndGlobalSection
	GlobalSection(SolutionProperties) = preSolution
		HideSolutionNode = FALSE
	EndGlobalSection
	GlobalSection(ExtensibilityGlobals) = postSolution
		SolutionGuid = {CCA7C6FF-F642-4968-993E-F49CBF2EF026}
	EndGlobalSection
EndGlobal
